
Microsoft Visual Studio Solution File, Format Version 12.00
# Visual Studio Version 16
VisualStudioVersion = 16.0.29020.237
MinimumVisualStudioVersion = 10.0.40219.1
Project("{FAE04EC0-301F-11D3-BF4B-00C04F79EFBC}") = "Magma", "Magma\Magma.csproj", "{EA6DB728-8CCC-4E89-817B-15565D93EBB6}"
EndProject
Global
	GlobalSection(SolutionConfigurationPlatforms) = preSolution
		Debug|Any CPU = Debug|Any CPU
		Release|Any CPU = Release|Any CPU
	EndGlobalSection
	GlobalSection(ProjectConfigurationPlatforms) = postSolution
		{EA6DB728-8CCC-4E89-817B-15565D93EBB6}.Debug|Any CPU.ActiveCfg = Debug|Any CPU
		{EA6DB728-8CCC-4E89-817B-15565D93EBB6}.Debug|Any CPU.Build.0 = Debug|Any CPU
		{EA6DB728-8CCC-4E89-817B-15565D93EBB6}.Release|Any CPU.ActiveCfg = Release|Any CPU
		{EA6DB728-8CCC-4E89-817B-15565D93EBB6}.Release|Any CPU.Build.0 = Release|Any CPU
	EndGlobalSection
	GlobalSection(SolutionProperties) = preSolution
		HideSolutionNode = FALSE
	EndGlobalSection
	GlobalSection(ExtensibilityGlobals) = postSolution
		SolutionGuid = {7AB296B9-F4F3-477C-856F-BB7F9BA0499C}
	EndGlobalSection
EndGlobal
